// !$*UTF8*$!
{
	archiveVersion = 1;
	classes = {
	};
	objectVersion = 77;
	objects = {

/* Begin PBXContainerItemProxy section */
		8D4A8C8E2D47F9BD007CC112 /* PBXContainerItemProxy */ = {
			isa = PBXContainerItemProxy;
			containerPortal = 8D4A8B682D472A3C007CC112 /* Project object */;
			proxyType = 1;
			remoteGlobalIDString = 8D4A8C7D2D47F9BB007CC112;
			remoteInfo = "ALL-ergen";
		};
		8D4A8C982D47F9BD007CC112 /* PBXContainerItemProxy */ = {
			isa = PBXContainerItemProxy;
			containerPortal = 8D4A8B682D472A3C007CC112 /* Project object */;
			proxyType = 1;
			remoteGlobalIDString = 8D4A8C7D2D47F9BB007CC112;
			remoteInfo = "ALL-ergen";
		};
/* End PBXContainerItemProxy section */

/* Begin PBXFileReference section */
		8D4A8C7E2D47F9BB007CC112 /* ALL-ergen.app */ = {isa = PBXFileReference; explicitFileType = wrapper.application; includeInIndex = 0; path = "ALL-ergen.app"; sourceTree = BUILT_PRODUCTS_DIR; };
		8D4A8C8D2D47F9BD007CC112 /* ALL-ergenTests.xctest */ = {isa = PBXFileReference; explicitFileType = wrapper.cfbundle; includeInIndex = 0; path = "ALL-ergenTests.xctest"; sourceTree = BUILT_PRODUCTS_DIR; };
		8D4A8C972D47F9BD007CC112 /* ALL-ergenUITests.xctest */ = {isa = PBXFileReference; explicitFileType = wrapper.cfbundle; includeInIndex = 0; path = "ALL-ergenUITests.xctest"; sourceTree = BUILT_PRODUCTS_DIR; };
/* End PBXFileReference section */

/* Begin PBXFileSystemSynchronizedRootGroup section */
		8D4A8C7F2D47F9BB007CC112 /* ALL-ergen */ = {
			isa = PBXFileSystemSynchronizedRootGroup;
			path = "ALL-ergen";
			sourceTree = "<group>";
		};
		8D4A8C902D47F9BD007CC112 /* ALL-ergenTests */ = {
			isa = PBXFileSystemSynchronizedRootGroup;
			path = "ALL-ergenTests";
			sourceTree = "<group>";
		};
		8D4A8C9A2D47F9BD007CC112 /* ALL-ergenUITests */ = {
			isa = PBXFileSystemSynchronizedRootGroup;
			path = "ALL-ergenUITests";
			sourceTree = "<group>";
		};
/* End PBXFileSystemSynchronizedRootGroup section */

/* Begin PBXFrameworksBuildPhase section */
		8D4A8C7B2D47F9BB007CC112 /* Frameworks */ = {
			isa = PBXFrameworksBuildPhase;
			buildActionMask = 2147483647;
			files = (
			);
			runOnlyForDeploymentPostprocessing = 0;
		};
		8D4A8C8A2D47F9BD007CC112 /* Frameworks */ = {
			isa = PBXFrameworksBuildPhase;
			buildActionMask = 2147483647;
			files = (
			);
			runOnlyForDeploymentPostprocessing = 0;
		};
		8D4A8C942D47F9BD007CC112 /* Frameworks */ = {
			isa = PBXFrameworksBuildPhase;
			buildActionMask = 2147483647;
			files = (
			);
			runOnlyForDeploymentPostprocessing = 0;
		};
/* End PBXFrameworksBuildPhase section */

/* Begin PBXGroup section */
		8D4A8B672D472A3C007CC112 = {
			isa = PBXGroup;
			children = (
				8D4A8C7F2D47F9BB007CC112 /* ALL-ergen */,
				8D4A8C902D47F9BD007CC112 /* ALL-ergenTests */,
				8D4A8C9A2D47F9BD007CC112 /* ALL-ergenUITests */,
				8D4A8B712D472A3C007CC112 /* Products */,
			);
			sourceTree = "<group>";
		};
		8D4A8B712D472A3C007CC112 /* Products */ = {
			isa = PBXGroup;
			children = (
				8D4A8C7E2D47F9BB007CC112 /* ALL-ergen.app */,
				8D4A8C8D2D47F9BD007CC112 /* ALL-ergenTests.xctest */,
				8D4A8C972D47F9BD007CC112 /* ALL-ergenUITests.xctest */,
			);
			name = Products;
			sourceTree = "<group>";
		};
/* End PBXGroup section */

/* Begin PBXNativeTarget section */
		8D4A8C7D2D47F9BB007CC112 /* ALL-ergen */ = {
			isa = PBXNativeTarget;
			buildConfigurationList = 8D4A8C9F2D47F9BD007CC112 /* Build configuration list for PBXNativeTarget "ALL-ergen" */;
			buildPhases = (
				8D4A8C7A2D47F9BB007CC112 /* Sources */,
				8D4A8C7B2D47F9BB007CC112 /* Frameworks */,
				8D4A8C7C2D47F9BB007CC112 /* Resources */,
			);
			buildRules = (
			);
			dependencies = (
			);
			fileSystemSynchronizedGroups = (
				8D4A8C7F2D47F9BB007CC112 /* ALL-ergen */,
			);
			name = "ALL-ergen";
			packageProductDependencies = (
			);
			productName = "ALL-ergen";
			productReference = 8D4A8C7E2D47F9BB007CC112 /* ALL-ergen.app */;
			productType = "com.apple.product-type.application";
		};
		8D4A8C8C2D47F9BD007CC112 /* ALL-ergenTests */ = {
			isa = PBXNativeTarget;
			buildConfigurationList = 8D4A8CA22D47F9BD007CC112 /* Build configuration list for PBXNativeTarget "ALL-ergenTests" */;
			buildPhases = (
				8D4A8C892D47F9BD007CC112 /* Sources */,
				8D4A8C8A2D47F9BD007CC112 /* Frameworks */,
				8D4A8C8B2D47F9BD007CC112 /* Resources */,
			);
			buildRules = (
			);
			dependencies = (
				8D4A8C8F2D47F9BD007CC112 /* PBXTargetDependency */,
			);
			fileSystemSynchronizedGroups = (
				8D4A8C902D47F9BD007CC112 /* ALL-ergenTests */,
			);
			name = "ALL-ergenTests";
			packageProductDependencies = (
			);
			productName = "ALL-ergenTests";
			productReference = 8D4A8C8D2D47F9BD007CC112 /* ALL-ergenTests.xctest */;
			productType = "com.apple.product-type.bundle.unit-test";
		};
		8D4A8C962D47F9BD007CC112 /* ALL-ergenUITests */ = {
			isa = PBXNativeTarget;
			buildConfigurationList = 8D4A8CA52D47F9BD007CC112 /* Build configuration list for PBXNativeTarget "ALL-ergenUITests" */;
			buildPhases = (
				8D4A8C932D47F9BD007CC112 /* Sources */,
				8D4A8C942D47F9BD007CC112 /* Frameworks */,
				8D4A8C952D47F9BD007CC112 /* Resources */,
			);
			buildRules = (
			);
			dependencies = (
				8D4A8C992D47F9BD007CC112 /* PBXTargetDependency */,
			);
			fileSystemSynchronizedGroups = (
				8D4A8C9A2D47F9BD007CC112 /* ALL-ergenUITests */,
			);
			name = "ALL-ergenUITests";
			packageProductDependencies = (
			);
			productName = "ALL-ergenUITests";
			productReference = 8D4A8C972D47F9BD007CC112 /* ALL-ergenUITests.xctest */;
			productType = "com.apple.product-type.bundle.ui-testing";
		};
/* End PBXNativeTarget section */

/* Begin PBXProject section */
		8D4A8B682D472A3C007CC112 /* Project object */ = {
			isa = PBXProject;
			attributes = {
				BuildIndependentTargetsInParallel = 1;
				LastSwiftUpdateCheck = 1620;
				LastUpgradeCheck = 1620;
				TargetAttributes = {
					8D4A8C7D2D47F9BB007CC112 = {
						CreatedOnToolsVersion = 16.2;
						LastSwiftMigration = 1620;
					};
					8D4A8C8C2D47F9BD007CC112 = {
						CreatedOnToolsVersion = 16.2;
						TestTargetID = 8D4A8C7D2D47F9BB007CC112;
					};
					8D4A8C962D47F9BD007CC112 = {
						CreatedOnToolsVersion = 16.2;
						TestTargetID = 8D4A8C7D2D47F9BB007CC112;
					};
				};
			};
			buildConfigurationList = 8D4A8B6B2D472A3C007CC112 /* Build configuration list for PBXProject "ALL-ergen" */;
			developmentRegion = en;
			hasScannedForEncodings = 0;
			knownRegions = (
				en,
				Base,
			);
			mainGroup = 8D4A8B672D472A3C007CC112;
			minimizedProjectReferenceProxies = 1;
			packageReferences = (
				8D4A8BA72D47321B007CC112 /* XCRemoteSwiftPackageReference "OpenAISwift" */,
			);
			preferredProjectObjectVersion = 77;
			productRefGroup = 8D4A8B712D472A3C007CC112 /* Products */;
			projectDirPath = "";
			projectRoot = "";
			targets = (
				8D4A8C7D2D47F9BB007CC112 /* ALL-ergen */,
				8D4A8C8C2D47F9BD007CC112 /* ALL-ergenTests */,
				8D4A8C962D47F9BD007CC112 /* ALL-ergenUITests */,
			);
		};
/* End PBXProject section */

/* Begin PBXResourcesBuildPhase section */
		8D4A8C7C2D47F9BB007CC112 /* Resources */ = {
			isa = PBXResourcesBuildPhase;
			buildActionMask = 2147483647;
			files = (
			);
			runOnlyForDeploymentPostprocessing = 0;
		};
		8D4A8C8B2D47F9BD007CC112 /* Resources */ = {
			isa = PBXResourcesBuildPhase;
			buildActionMask = 2147483647;
			files = (
			);
			runOnlyForDeploymentPostprocessing = 0;
		};
		8D4A8C952D47F9BD007CC112 /* Resources */ = {
			isa = PBXResourcesBuildPhase;
			buildActionMask = 2147483647;
			files = (
			);
			runOnlyForDeploymentPostprocessing = 0;
		};
/* End PBXResourcesBuildPhase section */

/* Begin PBXSourcesBuildPhase section */
		8D4A8C7A2D47F9BB007CC112 /* Sources */ = {
			isa = PBXSourcesBuildPhase;
			buildActionMask = 2147483647;
			files = (
			);
			runOnlyForDeploymentPostprocessing = 0;
		};
		8D4A8C892D47F9BD007CC112 /* Sources */ = {
			isa = PBXSourcesBuildPhase;
			buildActionMask = 2147483647;
			files = (
			);
			runOnlyForDeploymentPostprocessing = 0;
		};
		8D4A8C932D47F9BD007CC112 /* Sources */ = {
			isa = PBXSourcesBuildPhase;
			buildActionMask = 2147483647;
			files = (
			);
			runOnlyForDeploymentPostprocessing = 0;
		};
/* End PBXSourcesBuildPhase section */

/* Begin PBXTargetDependency section */
		8D4A8C8F2D47F9BD007CC112 /* PBXTargetDependency */ = {
			isa = PBXTargetDependency;
			target = 8D4A8C7D2D47F9BB007CC112 /* ALL-ergen */;
			targetProxy = 8D4A8C8E2D47F9BD007CC112 /* PBXContainerItemProxy */;
		};
		8D4A8C992D47F9BD007CC112 /* PBXTargetDependency */ = {
			isa = PBXTargetDependency;
			target = 8D4A8C7D2D47F9BB007CC112 /* ALL-ergen */;
			targetProxy = 8D4A8C982D47F9BD007CC112 /* PBXContainerItemProxy */;
		};
/* End PBXTargetDependency section */

/* Begin XCBuildConfiguration section */
		8D4A8B932D472A3F007CC112 /* Debug */ = {
			isa = XCBuildConfiguration;
			buildSettings = {
				ALWAYS_SEARCH_USER_PATHS = NO;
				ASSETCATALOG_COMPILER_GENERATE_SWIFT_ASSET_SYMBOL_EXTENSIONS = YES;
				CLANG_ANALYZER_NONNULL = YES;
				CLANG_ANALYZER_NUMBER_OBJECT_CONVERSION = YES_AGGRESSIVE;
				CLANG_CXX_LANGUAGE_STANDARD = "gnu++20";
				CLANG_ENABLE_MODULES = YES;
				CLANG_ENABLE_OBJC_ARC = YES;
				CLANG_ENABLE_OBJC_WEAK = YES;
				CLANG_WARN_BLOCK_CAPTURE_AUTORELEASING = YES;
				CLANG_WARN_BOOL_CONVERSION = YES;
				CLANG_WARN_COMMA = YES;
				CLANG_WARN_CONSTANT_CONVERSION = YES;
				CLANG_WARN_DEPRECATED_OBJC_IMPLEMENTATIONS = YES;
				CLANG_WARN_DIRECT_OBJC_ISA_USAGE = YES_ERROR;
				CLANG_WARN_DOCUMENTATION_COMMENTS = YES;
				CLANG_WARN_EMPTY_BODY = YES;
				CLANG_WARN_ENUM_CONVERSION = YES;
				CLANG_WARN_INFINITE_RECURSION = YES;
				CLANG_WARN_INT_CONVERSION = YES;
				CLANG_WARN_NON_LITERAL_NULL_CONVERSION = YES;
				CLANG_WARN_OBJC_IMPLICIT_RETAIN_SELF = YES;
				CLANG_WARN_OBJC_LITERAL_CONVERSION = YES;
				CLANG_WARN_OBJC_ROOT_CLASS = YES_ERROR;
				CLANG_WARN_QUOTED_INCLUDE_IN_FRAMEWORK_HEADER = YES;
				CLANG_WARN_RANGE_LOOP_ANALYSIS = YES;
				CLANG_WARN_STRICT_PROTOTYPES = YES;
				CLANG_WARN_SUSPICIOUS_MOVE = YES;
				CLANG_WARN_UNGUARDED_AVAILABILITY = YES_AGGRESSIVE;
				CLANG_WARN_UNREACHABLE_CODE = YES;
				CLANG_WARN__DUPLICATE_METHOD_MATCH = YES;
				COPY_PHASE_STRIP = NO;
				DEBUG_INFORMATION_FORMAT = dwarf;
				ENABLE_STRICT_OBJC_MSGSEND = YES;
				ENABLE_TESTABILITY = YES;
				ENABLE_USER_SCRIPT_SANDBOXING = YES;
				GCC_C_LANGUAGE_STANDARD = gnu17;
				GCC_DYNAMIC_NO_PIC = NO;
				GCC_NO_COMMON_BLOCKS = YES;
				GCC_OPTIMIZATION_LEVEL = 0;
				GCC_PREPROCESSOR_DEFINITIONS = (
					"DEBUG=1",
					"$(inherited)",
				);
				GCC_WARN_64_TO_32_BIT_CONVERSION = YES;
				GCC_WARN_ABOUT_RETURN_TYPE = YES_ERROR;
				GCC_WARN_UNDECLARED_SELECTOR = YES;
				GCC_WARN_UNINITIALIZED_AUTOS = YES_AGGRESSIVE;
				GCC_WARN_UNUSED_FUNCTION = YES;
				GCC_WARN_UNUSED_VARIABLE = YES;
				LOCALIZATION_PREFERS_STRING_CATALOGS = YES;
				MACOSX_DEPLOYMENT_TARGET = 15.2;
				MTL_ENABLE_DEBUG_INFO = INCLUDE_SOURCE;
				MTL_FAST_MATH = YES;
				ONLY_ACTIVE_ARCH = YES;
				SDKROOT = iphoneos;
				SWIFT_ACTIVE_COMPILATION_CONDITIONS = "DEBUG $(inherited)";
				SWIFT_OPTIMIZATION_LEVEL = "-Onone";
			};
			name = Debug;
		};
		8D4A8B942D472A3F007CC112 /* Release */ = {
			isa = XCBuildConfiguration;
			buildSettings = {
				ALWAYS_SEARCH_USER_PATHS = NO;
				ASSETCATALOG_COMPILER_GENERATE_SWIFT_ASSET_SYMBOL_EXTENSIONS = YES;
				CLANG_ANALYZER_NONNULL = YES;
				CLANG_ANALYZER_NUMBER_OBJECT_CONVERSION = YES_AGGRESSIVE;
				CLANG_CXX_LANGUAGE_STANDARD = "gnu++20";
				CLANG_ENABLE_MODULES = YES;
				CLANG_ENABLE_OBJC_ARC = YES;
				CLANG_ENABLE_OBJC_WEAK = YES;
				CLANG_WARN_BLOCK_CAPTURE_AUTORELEASING = YES;
				CLANG_WARN_BOOL_CONVERSION = YES;
				CLANG_WARN_COMMA = YES;
				CLANG_WARN_CONSTANT_CONVERSION = YES;
				CLANG_WARN_DEPRECATED_OBJC_IMPLEMENTATIONS = YES;
				CLANG_WARN_DIRECT_OBJC_ISA_USAGE = YES_ERROR;
				CLANG_WARN_DOCUMENTATION_COMMENTS = YES;
				CLANG_WARN_EMPTY_BODY = YES;
				CLANG_WARN_ENUM_CONVERSION = YES;
				CLANG_WARN_INFINITE_RECURSION = YES;
				CLANG_WARN_INT_CONVERSION = YES;
				CLANG_WARN_NON_LITERAL_NULL_CONVERSION = YES;
				CLANG_WARN_OBJC_IMPLICIT_RETAIN_SELF = YES;
				CLANG_WARN_OBJC_LITERAL_CONVERSION = YES;
				CLANG_WARN_OBJC_ROOT_CLASS = YES_ERROR;
				CLANG_WARN_QUOTED_INCLUDE_IN_FRAMEWORK_HEADER = YES;
				CLANG_WARN_RANGE_LOOP_ANALYSIS = YES;
				CLANG_WARN_STRICT_PROTOTYPES = YES;
				CLANG_WARN_SUSPICIOUS_MOVE = YES;
				CLANG_WARN_UNGUARDED_AVAILABILITY = YES_AGGRESSIVE;
				CLANG_WARN_UNREACHABLE_CODE = YES;
				CLANG_WARN__DUPLICATE_METHOD_MATCH = YES;
				COPY_PHASE_STRIP = NO;
				DEBUG_INFORMATION_FORMAT = "dwarf-with-dsym";
				ENABLE_NS_ASSERTIONS = NO;
				ENABLE_STRICT_OBJC_MSGSEND = YES;
				ENABLE_USER_SCRIPT_SANDBOXING = YES;
				GCC_C_LANGUAGE_STANDARD = gnu17;
				GCC_NO_COMMON_BLOCKS = YES;
				GCC_WARN_64_TO_32_BIT_CONVERSION = YES;
				GCC_WARN_ABOUT_RETURN_TYPE = YES_ERROR;
				GCC_WARN_UNDECLARED_SELECTOR = YES;
				GCC_WARN_UNINITIALIZED_AUTOS = YES_AGGRESSIVE;
				GCC_WARN_UNUSED_FUNCTION = YES;
				GCC_WARN_UNUSED_VARIABLE = YES;
				LOCALIZATION_PREFERS_STRING_CATALOGS = YES;
				MACOSX_DEPLOYMENT_TARGET = 15.2;
				MTL_ENABLE_DEBUG_INFO = NO;
				MTL_FAST_MATH = YES;
				SDKROOT = iphoneos;
				SWIFT_COMPILATION_MODE = wholemodule;
			};
			name = Release;
		};
		8D4A8CA02D47F9BD007CC112 /* Debug */ = {
			isa = XCBuildConfiguration;
			buildSettings = {
				ASSETCATALOG_COMPILER_APPICON_NAME = AppIcon;
				ASSETCATALOG_COMPILER_GLOBAL_ACCENT_COLOR_NAME = AccentColor;
				CLANG_ENABLE_MODULES = YES;
				CODE_SIGN_STYLE = Automatic;
				CURRENT_PROJECT_VERSION = 1;
				DEVELOPMENT_ASSET_PATHS = "\"ALL-ergen/Preview Content\"";
				DEVELOPMENT_TEAM = 46TP5MJXT7;
				ENABLE_PREVIEWS = YES;
				GENERATE_INFOPLIST_FILE = YES;
				INFOPLIST_KEY_UIApplicationSceneManifest_Generation = YES;
				INFOPLIST_KEY_UIApplicationSupportsIndirectInputEvents = YES;
				INFOPLIST_KEY_UILaunchScreen_Generation = YES;
				INFOPLIST_KEY_UISupportedInterfaceOrientations_iPad = "UIInterfaceOrientationPortrait UIInterfaceOrientationPortraitUpsideDown UIInterfaceOrientationLandscapeLeft UIInterfaceOrientationLandscapeRight";
				INFOPLIST_KEY_UISupportedInterfaceOrientations_iPhone = "UIInterfaceOrientationPortrait UIInterfaceOrientationLandscapeLeft UIInterfaceOrientationLandscapeRight";
				IPHONEOS_DEPLOYMENT_TARGET = 18.2;
				LD_RUNPATH_SEARCH_PATHS = (
					"$(inherited)",
					"@executable_path/Frameworks",
				);
				MARKETING_VERSION = 1.0;
				PRODUCT_BUNDLE_IDENTIFIER = "alpha.ALL-ergen";
				PRODUCT_NAME = "$(TARGET_NAME)";
				SWIFT_EMIT_LOC_STRINGS = YES;
				SWIFT_OPTIMIZATION_LEVEL = "-Onone";
				SWIFT_VERSION = 5.0;
				TARGETED_DEVICE_FAMILY = "1,2";
			};
			name = Debug;
		};
		8D4A8CA12D47F9BD007CC112 /* Release */ = {
			isa = XCBuildConfiguration;
			buildSettings = {
				ASSETCATALOG_COMPILER_APPICON_NAME = AppIcon;
				ASSETCATALOG_COMPILER_GLOBAL_ACCENT_COLOR_NAME = AccentColor;
				CLANG_ENABLE_MODULES = YES;
				CODE_SIGN_STYLE = Automatic;
				CURRENT_PROJECT_VERSION = 1;
				DEVELOPMENT_ASSET_PATHS = "\"ALL-ergen/Preview Content\"";
				DEVELOPMENT_TEAM = 46TP5MJXT7;
				ENABLE_PREVIEWS = YES;
				GENERATE_INFOPLIST_FILE = YES;
				INFOPLIST_KEY_UIApplicationSceneManifest_Generation = YES;
				INFOPLIST_KEY_UIApplicationSupportsIndirectInputEvents = YES;
				INFOPLIST_KEY_UILaunchScreen_Generation = YES;
				INFOPLIST_KEY_UISupportedInterfaceOrientations_iPad = "UIInterfaceOrientationPortrait UIInterfaceOrientationPortraitUpsideDown UIInterfaceOrientationLandscapeLeft UIInterfaceOrientationLandscapeRight";
				INFOPLIST_KEY_UISupportedInterfaceOrientations_iPhone = "UIInterfaceOrientationPortrait UIInterfaceOrientationLandscapeLeft UIInterfaceOrientationLandscapeRight";
				IPHONEOS_DEPLOYMENT_TARGET = 18.2;
				LD_RUNPATH_SEARCH_PATHS = (
					"$(inherited)",
					"@executable_path/Frameworks",
				);
				MARKETING_VERSION = 1.0;
				PRODUCT_BUNDLE_IDENTIFIER = "alpha.ALL-ergen";
				PRODUCT_NAME = "$(TARGET_NAME)";
				SWIFT_EMIT_LOC_STRINGS = YES;
				SWIFT_VERSION = 5.0;
				TARGETED_DEVICE_FAMILY = "1,2";
				VALIDATE_PRODUCT = YES;
			};
			name = Release;
		};
		8D4A8CA32D47F9BD007CC112 /* Debug */ = {
			isa = XCBuildConfiguration;
			buildSettings = {
				BUNDLE_LOADER = "$(TEST_HOST)";
				CODE_SIGN_STYLE = Automatic;
				CURRENT_PROJECT_VERSION = 1;
				DEVELOPMENT_TEAM = 46TP5MJXT7;
				GENERATE_INFOPLIST_FILE = YES;
				IPHONEOS_DEPLOYMENT_TARGET = 18.2;
				MARKETING_VERSION = 1.0;
				PRODUCT_BUNDLE_IDENTIFIER = "alpha.ALL-ergenTests";
				PRODUCT_NAME = "$(TARGET_NAME)";
				SWIFT_EMIT_LOC_STRINGS = NO;
				SWIFT_VERSION = 5.0;
				TARGETED_DEVICE_FAMILY = "1,2";
				TEST_HOST = "$(BUILT_PRODUCTS_DIR)/ALL-ergen.app/$(BUNDLE_EXECUTABLE_FOLDER_PATH)/ALL-ergen";
			};
			name = Debug;
		};
		8D4A8CA42D47F9BD007CC112 /* Release */ = {
			isa = XCBuildConfiguration;
			buildSettings = {
				BUNDLE_LOADER = "$(TEST_HOST)";
				CODE_SIGN_STYLE = Automatic;
				CURRENT_PROJECT_VERSION = 1;
				DEVELOPMENT_TEAM = 46TP5MJXT7;
				GENERATE_INFOPLIST_FILE = YES;
				IPHONEOS_DEPLOYMENT_TARGET = 18.2;
				MARKETING_VERSION = 1.0;
				PRODUCT_BUNDLE_IDENTIFIER = "alpha.ALL-ergenTests";
				PRODUCT_NAME = "$(TARGET_NAME)";
				SWIFT_EMIT_LOC_STRINGS = NO;
				SWIFT_VERSION = 5.0;
				TARGETED_DEVICE_FAMILY = "1,2";
				TEST_HOST = "$(BUILT_PRODUCTS_DIR)/ALL-ergen.app/$(BUNDLE_EXECUTABLE_FOLDER_PATH)/ALL-ergen";
				VALIDATE_PRODUCT = YES;
			};
			name = Release;
		};
		8D4A8CA62D47F9BD007CC112 /* Debug */ = {
			isa = XCBuildConfiguration;
			buildSettings = {
				CODE_SIGN_STYLE = Automatic;
				CURRENT_PROJECT_VERSION = 1;
				DEVELOPMENT_TEAM = 46TP5MJXT7;
				GENERATE_INFOPLIST_FILE = YES;
				IPHONEOS_DEPLOYMENT_TARGET = 18.2;
				MARKETING_VERSION = 1.0;
				PRODUCT_BUNDLE_IDENTIFIER = "alpha.ALL-ergenUITests";
				PRODUCT_NAME = "$(TARGET_NAME)";
				SWIFT_EMIT_LOC_STRINGS = NO;
				SWIFT_VERSION = 5.0;
				TARGETED_DEVICE_FAMILY = "1,2";
				TEST_TARGET_NAME = "ALL-ergen";
			};
			name = Debug;
		};
		8D4A8CA72D47F9BD007CC112 /* Release */ = {
			isa = XCBuildConfiguration;
			buildSettings = {
				CODE_SIGN_STYLE = Automatic;
				CURRENT_PROJECT_VERSION = 1;
				DEVELOPMENT_TEAM = 46TP5MJXT7;
				GENERATE_INFOPLIST_FILE = YES;
				IPHONEOS_DEPLOYMENT_TARGET = 18.2;
				MARKETING_VERSION = 1.0;
				PRODUCT_BUNDLE_IDENTIFIER = "alpha.ALL-ergenUITests";
				PRODUCT_NAME = "$(TARGET_NAME)";
				SWIFT_EMIT_LOC_STRINGS = NO;
				SWIFT_VERSION = 5.0;
				TARGETED_DEVICE_FAMILY = "1,2";
				TEST_TARGET_NAME = "ALL-ergen";
				VALIDATE_PRODUCT = YES;
			};
			name = Release;
		};
/* End XCBuildConfiguration section */

/* Begin XCConfigurationList section */
		8D4A8B6B2D472A3C007CC112 /* Build configuration list for PBXProject "ALL-ergen" */ = {
			isa = XCConfigurationList;
			buildConfigurations = (
				8D4A8B932D472A3F007CC112 /* Debug */,
				8D4A8B942D472A3F007CC112 /* Release */,
			);
			defaultConfigurationIsVisible = 0;
			defaultConfigurationName = Release;
		};
		8D4A8C9F2D47F9BD007CC112 /* Build configuration list for PBXNativeTarget "ALL-ergen" */ = {
			isa = XCConfigurationList;
			buildConfigurations = (
				8D4A8CA02D47F9BD007CC112 /* Debug */,
				8D4A8CA12D47F9BD007CC112 /* Release */,
			);
			defaultConfigurationIsVisible = 0;
			defaultConfigurationName = Release;
		};
		8D4A8CA22D47F9BD007CC112 /* Build configuration list for PBXNativeTarget "ALL-ergenTests" */ = {
			isa = XCConfigurationList;
			buildConfigurations = (
				8D4A8CA32D47F9BD007CC112 /* Debug */,
				8D4A8CA42D47F9BD007CC112 /* Release */,
			);
			defaultConfigurationIsVisible = 0;
			defaultConfigurationName = Release;
		};
		8D4A8CA52D47F9BD007CC112 /* Build configuration list for PBXNativeTarget "ALL-ergenUITests" */ = {
			isa = XCConfigurationList;
			buildConfigurations = (
				8D4A8CA62D47F9BD007CC112 /* Debug */,
				8D4A8CA72D47F9BD007CC112 /* Release */,
			);
			defaultConfigurationIsVisible = 0;
			defaultConfigurationName = Release;
		};
/* End XCConfigurationList section */

/* Begin XCRemoteSwiftPackageReference section */
		8D4A8BA72D47321B007CC112 /* XCRemoteSwiftPackageReference "OpenAISwift" */ = {
			isa = XCRemoteSwiftPackageReference;
			repositoryURL = "https://github.com/adamrushy/OpenAISwift";
			requirement = {
				kind = upToNextMajorVersion;
				minimumVersion = 1.4.1;
			};
		};
/* End XCRemoteSwiftPackageReference section */
	};
	rootObject = 8D4A8B682D472A3C007CC112 /* Project object */;
}
